
Microsoft Visual Studio Solution File, Format Version 12.00
# Visual Studio 2013
VisualStudioVersion = 12.0.21005.1
MinimumVisualStudioVersion = 10.0.40219.1
Project("{FAE04EC0-301F-11D3-BF4B-00C04F79EFBC}") = "Timmy", "Timmy\Timmy.csproj", "{4610F87B-F5C3-49BA-90A9-82CA53C36BEF}"
EndProject
Project("{FAE04EC0-301F-11D3-BF4B-00C04F79EFBC}") = "Timmy.Tests", "Timmy.Tests\Timmy.Tests.csproj", "{24FEDAFD-B687-4AB2-A1F6-4154D9A6B829}"
EndProject
Project("{FAE04EC0-301F-11D3-BF4B-00C04F79EFBC}") = "Timmy.Specs", "Timmy.Specs\Timmy.Specs.csproj", "{2322AB2C-956D-4AF0-B78E-83FA8E34A71E}"
EndProject
Project("{FAE04EC0-301F-11D3-BF4B-00C04F79EFBC}") = "Timmy.Domain", "Timmy.Domain\Timmy.Domain.csproj", "{7EF7E4D1-58E5-4C65-87D7-977C21185C42}"
EndProject
Global
	GlobalSection(SolutionConfigurationPlatforms) = preSolution
		Debug|Any CPU = Debug|Any CPU
		Release|Any CPU = Release|Any CPU
	EndGlobalSection
	GlobalSection(ProjectConfigurationPlatforms) = postSolution
		{4610F87B-F5C3-49BA-90A9-82CA53C36BEF}.Debug|Any CPU.ActiveCfg = Debug|Any CPU
		{4610F87B-F5C3-49BA-90A9-82CA53C36BEF}.Debug|Any CPU.Build.0 = Debug|Any CPU
		{4610F87B-F5C3-49BA-90A9-82CA53C36BEF}.Release|Any CPU.ActiveCfg = Release|Any CPU
		{4610F87B-F5C3-49BA-90A9-82CA53C36BEF}.Release|Any CPU.Build.0 = Release|Any CPU
		{24FEDAFD-B687-4AB2-A1F6-4154D9A6B829}.Debug|Any CPU.ActiveCfg = Debug|Any CPU
		{24FEDAFD-B687-4AB2-A1F6-4154D9A6B829}.Debug|Any CPU.Build.0 = Debug|Any CPU
		{24FEDAFD-B687-4AB2-A1F6-4154D9A6B829}.Release|Any CPU.ActiveCfg = Release|Any CPU
		{24FEDAFD-B687-4AB2-A1F6-4154D9A6B829}.Release|Any CPU.Build.0 = Release|Any CPU
		{2322AB2C-956D-4AF0-B78E-83FA8E34A71E}.Debug|Any CPU.ActiveCfg = Debug|Any CPU
		{2322AB2C-956D-4AF0-B78E-83FA8E34A71E}.Debug|Any CPU.Build.0 = Debug|Any CPU
		{2322AB2C-956D-4AF0-B78E-83FA8E34A71E}.Release|Any CPU.ActiveCfg = Release|Any CPU
		{2322AB2C-956D-4AF0-B78E-83FA8E34A71E}.Release|Any CPU.Build.0 = Release|Any CPU
		{7EF7E4D1-58E5-4C65-87D7-977C21185C42}.Debug|Any CPU.ActiveCfg = Debug|Any CPU
		{7EF7E4D1-58E5-4C65-87D7-977C21185C42}.Debug|Any CPU.Build.0 = Debug|Any CPU
		{7EF7E4D1-58E5-4C65-87D7-977C21185C42}.Release|Any CPU.ActiveCfg = Release|Any CPU
		{7EF7E4D1-58E5-4C65-87D7-977C21185C42}.Release|Any CPU.Build.0 = Release|Any CPU
	EndGlobalSection
	GlobalSection(SolutionProperties) = preSolution
		HideSolutionNode = FALSE
	EndGlobalSection
EndGlobal
